
Microsoft Visual Studio Solution File, Format Version 12.00
# Visual Studio 14
VisualStudioVersion = 14.0.25420.1
MinimumVisualStudioVersion = 10.0.40219.1
Project("{FAE04EC0-301F-11D3-BF4B-00C04F79EFBC}") = "API", "API\API.csproj", "{27855DEE-570F-466D-AD32-DF0A8A3538F0}"
EndProject
Project("{FAE04EC0-301F-11D3-BF4B-00C04F79EFBC}") = "ExampleLiveChart", "ExampleLiveChart\ExampleLiveChart.csproj", "{4E77B8FF-A6FC-4FD4-8DC4-1A00DC7B7997}"
EndProject
Project("{FAE04EC0-301F-11D3-BF4B-00C04F79EFBC}") = "TimeSeriesAnalysis", "TimeSeriesAnalysis\TimeSeriesAnalysis.csproj", "{ABB14DD9-F119-4302-9AED-0CE08BBC414A}"
EndProject
Global
	GlobalSection(SolutionConfigurationPlatforms) = preSolution
		Debug|Any CPU = Debug|Any CPU
		Release|Any CPU = Release|Any CPU
	EndGlobalSection
	GlobalSection(ProjectConfigurationPlatforms) = postSolution
		{27855DEE-570F-466D-AD32-DF0A8A3538F0}.Debug|Any CPU.ActiveCfg = Debug|Any CPU
		{27855DEE-570F-466D-AD32-DF0A8A3538F0}.Debug|Any CPU.Build.0 = Debug|Any CPU
		{27855DEE-570F-466D-AD32-DF0A8A3538F0}.Release|Any CPU.ActiveCfg = Release|Any CPU
		{27855DEE-570F-466D-AD32-DF0A8A3538F0}.Release|Any CPU.Build.0 = Release|Any CPU
		{4E77B8FF-A6FC-4FD4-8DC4-1A00DC7B7997}.Debug|Any CPU.ActiveCfg = Debug|Any CPU
		{4E77B8FF-A6FC-4FD4-8DC4-1A00DC7B7997}.Debug|Any CPU.Build.0 = Debug|Any CPU
		{4E77B8FF-A6FC-4FD4-8DC4-1A00DC7B7997}.Release|Any CPU.ActiveCfg = Release|Any CPU
		{4E77B8FF-A6FC-4FD4-8DC4-1A00DC7B7997}.Release|Any CPU.Build.0 = Release|Any CPU
		{ABB14DD9-F119-4302-9AED-0CE08BBC414A}.Debug|Any CPU.ActiveCfg = Debug|Any CPU
		{ABB14DD9-F119-4302-9AED-0CE08BBC414A}.Debug|Any CPU.Build.0 = Debug|Any CPU
		{ABB14DD9-F119-4302-9AED-0CE08BBC414A}.Release|Any CPU.ActiveCfg = Release|Any CPU
		{ABB14DD9-F119-4302-9AED-0CE08BBC414A}.Release|Any CPU.Build.0 = Release|Any CPU
	EndGlobalSection
	GlobalSection(SolutionProperties) = preSolution
		HideSolutionNode = FALSE
	EndGlobalSection
EndGlobal
